// !$*UTF8*$!
{
	archiveVersion = 1;
	classes = {
	};
	objectVersion = 46;
	objects = {

/* Begin PBXBuildFile section */
		8DD56B241F18787D00268798 /* AppDelegate.swift in Sources */ = {isa = PBXBuildFile; fileRef = 8DD56B231F18787D00268798 /* AppDelegate.swift */; };
		8DD56B261F18787D00268798 /* ViewController.swift in Sources */ = {isa = PBXBuildFile; fileRef = 8DD56B251F18787D00268798 /* ViewController.swift */; };
		8DD56B291F18787D00268798 /* Main.storyboard in Resources */ = {isa = PBXBuildFile; fileRef = 8DD56B271F18787D00268798 /* Main.storyboard */; };
		8DD56B2C1F18787D00268798 /* CoreToDo.xcdatamodeld in Sources */ = {isa = PBXBuildFile; fileRef = 8DD56B2A1F18787D00268798 /* CoreToDo.xcdatamodeld */; };
		8DD56B2E1F18787D00268798 /* Assets.xcassets in Resources */ = {isa = PBXBuildFile; fileRef = 8DD56B2D1F18787D00268798 /* Assets.xcassets */; };
		8DD56B311F18787D00268798 /* LaunchScreen.storyboard in Resources */ = {isa = PBXBuildFile; fileRef = 8DD56B2F1F18787D00268798 /* LaunchScreen.storyboard */; };
		8DD56B391F1883D500268798 /* AddDataControlelrViewController.swift in Sources */ = {isa = PBXBuildFile; fileRef = 8DD56B381F1883D500268798 /* AddDataControlelrViewController.swift */; };
		8DD56B3D1F18A13700268798 /* SearchController.swift in Sources */ = {isa = PBXBuildFile; fileRef = 8DD56B3C1F18A13700268798 /* SearchController.swift */; };
/* End PBXBuildFile section */

/* Begin PBXFileReference section */
		8DD56B201F18787D00268798 /* CoreToDo.app */ = {isa = PBXFileReference; explicitFileType = wrapper.application; includeInIndex = 0; path = CoreToDo.app; sourceTree = BUILT_PRODUCTS_DIR; };
		8DD56B231F18787D00268798 /* AppDelegate.swift */ = {isa = PBXFileReference; lastKnownFileType = sourcecode.swift; path = AppDelegate.swift; sourceTree = "<group>"; };
		8DD56B251F18787D00268798 /* ViewController.swift */ = {isa = PBXFileReference; lastKnownFileType = sourcecode.swift; path = ViewController.swift; sourceTree = "<group>"; };
		8DD56B281F18787D00268798 /* Base */ = {isa = PBXFileReference; lastKnownFileType = file.storyboard; name = Base; path = Base.lproj/Main.storyboard; sourceTree = "<group>"; };
		8DD56B2B1F18787D00268798 /* CoreToDo.xcdatamodel */ = {isa = PBXFileReference; lastKnownFileType = wrapper.xcdatamodel; path = CoreToDo.xcdatamodel; sourceTree = "<group>"; };
		8DD56B2D1F18787D00268798 /* Assets.xcassets */ = {isa = PBXFileReference; lastKnownFileType = folder.assetcatalog; path = Assets.xcassets; sourceTree = "<group>"; };
		8DD56B301F18787D00268798 /* Base */ = {isa = PBXFileReference; lastKnownFileType = file.storyboard; name = Base; path = Base.lproj/LaunchScreen.storyboard; sourceTree = "<group>"; };
		8DD56B321F18787D00268798 /* Info.plist */ = {isa = PBXFileReference; lastKnownFileType = text.plist.xml; path = Info.plist; sourceTree = "<group>"; };
		8DD56B381F1883D500268798 /* AddDataControlelrViewController.swift */ = {isa = PBXFileReference; fileEncoding = 4; lastKnownFileType = sourcecode.swift; path = AddDataControlelrViewController.swift; sourceTree = "<group>"; };
		8DD56B3C1F18A13700268798 /* SearchController.swift */ = {isa = PBXFileReference; fileEncoding = 4; lastKnownFileType = sourcecode.swift; path = SearchController.swift; sourceTree = "<group>"; };
/* End PBXFileReference section */

/* Begin PBXFrameworksBuildPhase section */
		8DD56B1D1F18787D00268798 /* Frameworks */ = {
			isa = PBXFrameworksBuildPhase;
			buildActionMask = 2147483647;
			files = (
			);
			runOnlyForDeploymentPostprocessing = 0;
		};
/* End PBXFrameworksBuildPhase section */

/* Begin PBXGroup section */
		8DD56B171F18787D00268798 = {
			isa = PBXGroup;
			children = (
				8DD56B221F18787D00268798 /* CoreToDo */,
				8DD56B211F18787D00268798 /* Products */,
			);
			sourceTree = "<group>";
		};
		8DD56B211F18787D00268798 /* Products */ = {
			isa = PBXGroup;
			children = (
				8DD56B201F18787D00268798 /* CoreToDo.app */,
			);
			name = Products;
			sourceTree = "<group>";
		};
		8DD56B221F18787D00268798 /* CoreToDo */ = {
			isa = PBXGroup;
			children = (
				8DD56B231F18787D00268798 /* AppDelegate.swift */,
				8DD56B251F18787D00268798 /* ViewController.swift */,
				8DD56B381F1883D500268798 /* AddDataControlelrViewController.swift */,
				8DD56B3C1F18A13700268798 /* SearchController.swift */,
				8DD56B271F18787D00268798 /* Main.storyboard */,
				8DD56B2D1F18787D00268798 /* Assets.xcassets */,
				8DD56B2F1F18787D00268798 /* LaunchScreen.storyboard */,
				8DD56B321F18787D00268798 /* Info.plist */,
				8DD56B2A1F18787D00268798 /* CoreToDo.xcdatamodeld */,
			);
			path = CoreToDo;
			sourceTree = "<group>";
		};
/* End PBXGroup section */

/* Begin PBXNativeTarget section */
		8DD56B1F1F18787D00268798 /* CoreToDo */ = {
			isa = PBXNativeTarget;
			buildConfigurationList = 8DD56B351F18787D00268798 /* Build configuration list for PBXNativeTarget "CoreToDo" */;
			buildPhases = (
				8DD56B1C1F18787D00268798 /* Sources */,
				8DD56B1D1F18787D00268798 /* Frameworks */,
				8DD56B1E1F18787D00268798 /* Resources */,
			);
			buildRules = (
			);
			dependencies = (
			);
			name = CoreToDo;
			productName = CoreToDo;
			productReference = 8DD56B201F18787D00268798 /* CoreToDo.app */;
			productType = "com.apple.product-type.application";
		};
/* End PBXNativeTarget section */

/* Begin PBXProject section */
		8DD56B181F18787D00268798 /* Project object */ = {
			isa = PBXProject;
			attributes = {
				LastSwiftUpdateCheck = 0830;
				LastUpgradeCheck = 0830;
				ORGANIZATIONNAME = PmAbi;
				TargetAttributes = {
					8DD56B1F1F18787D00268798 = {
						CreatedOnToolsVersion = 8.3.3;
						DevelopmentTeam = 26W4B9Y48E;
						ProvisioningStyle = Automatic;
					};
				};
			};
			buildConfigurationList = 8DD56B1B1F18787D00268798 /* Build configuration list for PBXProject "CoreToDo" */;
			compatibilityVersion = "Xcode 3.2";
			developmentRegion = English;
			hasScannedForEncodings = 0;
			knownRegions = (
				en,
				Base,
			);
			mainGroup = 8DD56B171F18787D00268798;
			productRefGroup = 8DD56B211F18787D00268798 /* Products */;
			projectDirPath = "";
			projectRoot = "";
			targets = (
				8DD56B1F1F18787D00268798 /* CoreToDo */,
			);
		};
/* End PBXProject section */

/* Begin PBXResourcesBuildPhase section */
		8DD56B1E1F18787D00268798 /* Resources */ = {
			isa = PBXResourcesBuildPhase;
			buildActionMask = 2147483647;
			files = (
				8DD56B311F18787D00268798 /* LaunchScreen.storyboard in Resources */,
				8DD56B2E1F18787D00268798 /* Assets.xcassets in Resources */,
				8DD56B291F18787D00268798 /* Main.storyboard in Resources */,
			);
			runOnlyForDeploymentPostprocessing = 0;
		};
/* End PBXResourcesBuildPhase section */

/* Begin PBXSourcesBuildPhase section */
		8DD56B1C1F18787D00268798 /* Sources */ = {
			isa = PBXSourcesBuildPhase;
			buildActionMask = 2147483647;
			files = (
				8DD56B261F18787D00268798 /* ViewController.swift in Sources */,
				8DD56B3D1F18A13700268798 /* SearchController.swift in Sources */,
				8DD56B241F18787D00268798 /* AppDelegate.swift in Sources */,
				8DD56B391F1883D500268798 /* AddDataControlelrViewController.swift in Sources */,
				8DD56B2C1F18787D00268798 /* CoreToDo.xcdatamodeld in Sources */,
			);
			runOnlyForDeploymentPostprocessing = 0;
		};
/* End PBXSourcesBuildPhase section */

/* Begin PBXVariantGroup section */
		8DD56B271F18787D00268798 /* Main.storyboard */ = {
			isa = PBXVariantGroup;
			children = (
				8DD56B281F18787D00268798 /* Base */,
			);
			name = Main.storyboard;
			sourceTree = "<group>";
		};
		8DD56B2F1F18787D00268798 /* LaunchScreen.storyboard */ = {
			isa = PBXVariantGroup;
			children = (
				8DD56B301F18787D00268798 /* Base */,
			);
			name = LaunchScreen.storyboard;
			sourceTree = "<group>";
		};
/* End PBXVariantGroup section */

/* Begin XCBuildConfiguration section */
		8DD56B331F18787D00268798 /* Debug */ = {
			isa = XCBuildConfiguration;
			buildSettings = {
				ALWAYS_SEARCH_USER_PATHS = NO;
				CLANG_ANALYZER_NONNULL = YES;
				CLANG_ANALYZER_NUMBER_OBJECT_CONVERSION = YES_AGGRESSIVE;
				CLANG_CXX_LANGUAGE_STANDARD = "gnu++0x";
				CLANG_CXX_LIBRARY = "libc++";
				CLANG_ENABLE_MODULES = YES;
				CLANG_ENABLE_OBJC_ARC = YES;
				CLANG_WARN_BOOL_CONVERSION = YES;
				CLANG_WARN_CONSTANT_CONVERSION = YES;
				CLANG_WARN_DIRECT_OBJC_ISA_USAGE = YES_ERROR;
				CLANG_WARN_DOCUMENTATION_COMMENTS = YES;
				CLANG_WARN_EMPTY_BODY = YES;
				CLANG_WARN_ENUM_CONVERSION = YES;
				CLANG_WARN_INFINITE_RECURSION = YES;
				CLANG_WARN_INT_CONVERSION = YES;
				CLANG_WARN_OBJC_ROOT_CLASS = YES_ERROR;
				CLANG_WARN_SUSPICIOUS_MOVE = YES;
				CLANG_WARN_UNREACHABLE_CODE = YES;
				CLANG_WARN__DUPLICATE_METHOD_MATCH = YES;
				"CODE_SIGN_IDENTITY[sdk=iphoneos*]" = "iPhone Developer";
				COPY_PHASE_STRIP = NO;
				DEBUG_INFORMATION_FORMAT = dwarf;
				ENABLE_STRICT_OBJC_MSGSEND = YES;
				ENABLE_TESTABILITY = YES;
				GCC_C_LANGUAGE_STANDARD = gnu99;
				GCC_DYNAMIC_NO_PIC = NO;
				GCC_NO_COMMON_BLOCKS = YES;
				GCC_OPTIMIZATION_LEVEL = 0;
				GCC_PREPROCESSOR_DEFINITIONS = (
					"DEBUG=1",
					"$(inherited)",
				);
				GCC_WARN_64_TO_32_BIT_CONVERSION = YES;
				GCC_WARN_ABOUT_RETURN_TYPE = YES_ERROR;
				GCC_WARN_UNDECLARED_SELECTOR = YES;
				GCC_WARN_UNINITIALIZED_AUTOS = YES_AGGRESSIVE;
				GCC_WARN_UNUSED_FUNCTION = YES;
				GCC_WARN_UNUSED_VARIABLE = YES;
				IPHONEOS_DEPLOYMENT_TARGET = 10.3;
				MTL_ENABLE_DEBUG_INFO = YES;
				ONLY_ACTIVE_ARCH = YES;
				SDKROOT = iphoneos;
				SWIFT_ACTIVE_COMPILATION_CONDITIONS = DEBUG;
				SWIFT_OPTIMIZATION_LEVEL = "-Onone";
				TARGETED_DEVICE_FAMILY = "1,2";
			};
			name = Debug;
		};
		8DD56B341F18787D00268798 /* Release */ = {
			isa = XCBuildConfiguration;
			buildSettings = {
				ALWAYS_SEARCH_USER_PATHS = NO;
				CLANG_ANALYZER_NONNULL = YES;
				CLANG_ANALYZER_NUMBER_OBJECT_CONVERSION = YES_AGGRESSIVE;
				CLANG_CXX_LANGUAGE_STANDARD = "gnu++0x";
				CLANG_CXX_LIBRARY = "libc++";
				CLANG_ENABLE_MODULES = YES;
				CLANG_ENABLE_OBJC_ARC = YES;
				CLANG_WARN_BOOL_CONVERSION = YES;
				CLANG_WARN_CONSTANT_CONVERSION = YES;
				CLANG_WARN_DIRECT_OBJC_ISA_USAGE = YES_ERROR;
				CLANG_WARN_DOCUMENTATION_COMMENTS = YES;
				CLANG_WARN_EMPTY_BODY = YES;
				CLANG_WARN_ENUM_CONVERSION = YES;
				CLANG_WARN_INFINITE_RECURSION = YES;
				CLANG_WARN_INT_CONVERSION = YES;
				CLANG_WARN_OBJC_ROOT_CLASS = YES_ERROR;
				CLANG_WARN_SUSPICIOUS_MOVE = YES;
				CLANG_WARN_UNREACHABLE_CODE = YES;
				CLANG_WARN__DUPLICATE_METHOD_MATCH = YES;
				"CODE_SIGN_IDENTITY[sdk=iphoneos*]" = "iPhone Developer";
				COPY_PHASE_STRIP = NO;
				DEBUG_INFORMATION_FORMAT = "dwarf-with-dsym";
				ENABLE_NS_ASSERTIONS = NO;
				ENABLE_STRICT_OBJC_MSGSEND = YES;
				GCC_C_LANGUAGE_STANDARD = gnu99;
				GCC_NO_COMMON_BLOCKS = YES;
				GCC_WARN_64_TO_32_BIT_CONVERSION = YES;
				GCC_WARN_ABOUT_RETURN_TYPE = YES_ERROR;
				GCC_WARN_UNDECLARED_SELECTOR = YES;
				GCC_WARN_UNINITIALIZED_AUTOS = YES_AGGRESSIVE;
				GCC_WARN_UNUSED_FUNCTION = YES;
				GCC_WARN_UNUSED_VARIABLE = YES;
				IPHONEOS_DEPLOYMENT_TARGET = 10.3;
				MTL_ENABLE_DEBUG_INFO = NO;
				SDKROOT = iphoneos;
				SWIFT_OPTIMIZATION_LEVEL = "-Owholemodule";
				TARGETED_DEVICE_FAMILY = "1,2";
				VALIDATE_PRODUCT = YES;
			};
			name = Release;
		};
		8DD56B361F18787D00268798 /* Debug */ = {
			isa = XCBuildConfiguration;
			buildSettings = {
				ASSETCATALOG_COMPILER_APPICON_NAME = AppIcon;
				DEVELOPMENT_TEAM = 26W4B9Y48E;
				INFOPLIST_FILE = CoreToDo/Info.plist;
				LD_RUNPATH_SEARCH_PATHS = "$(inherited) @executable_path/Frameworks";
				PRODUCT_BUNDLE_IDENTIFIER = com.spark.chat.CoreToDo;
				PRODUCT_NAME = "$(TARGET_NAME)";
				SWIFT_VERSION = 3.0;
			};
			name = Debug;
		};
		8DD56B371F18787D00268798 /* Release */ = {
			isa = XCBuildConfiguration;
			buildSettings = {
				ASSETCATALOG_COMPILER_APPICON_NAME = AppIcon;
				DEVELOPMENT_TEAM = 26W4B9Y48E;
				INFOPLIST_FILE = CoreToDo/Info.plist;
				LD_RUNPATH_SEARCH_PATHS = "$(inherited) @executable_path/Frameworks";
				PRODUCT_BUNDLE_IDENTIFIER = com.spark.chat.CoreToDo;
				PRODUCT_NAME = "$(TARGET_NAME)";
				SWIFT_VERSION = 3.0;
			};
			name = Release;
		};
/* End XCBuildConfiguration section */

/* Begin XCConfigurationList section */
		8DD56B1B1F18787D00268798 /* Build configuration list for PBXProject "CoreToDo" */ = {
			isa = XCConfigurationList;
			buildConfigurations = (
				8DD56B331F18787D00268798 /* Debug */,
				8DD56B341F18787D00268798 /* Release */,
			);
			defaultConfigurationIsVisible = 0;
			defaultConfigurationName = Release;
		};
		8DD56B351F18787D00268798 /* Build configuration list for PBXNativeTarget "CoreToDo" */ = {
			isa = XCConfigurationList;
			buildConfigurations = (
				8DD56B361F18787D00268798 /* Debug */,
				8DD56B371F18787D00268798 /* Release */,
			);
			defaultConfigurationIsVisible = 0;
			defaultConfigurationName = Release;
		};
/* End XCConfigurationList section */

/* Begin XCVersionGroup section */
		8DD56B2A1F18787D00268798 /* CoreToDo.xcdatamodeld */ = {
			isa = XCVersionGroup;
			children = (
				8DD56B2B1F18787D00268798 /* CoreToDo.xcdatamodel */,
			);
			currentVersion = 8DD56B2B1F18787D00268798 /* CoreToDo.xcdatamodel */;
			path = CoreToDo.xcdatamodeld;
			sourceTree = "<group>";
			versionGroupType = wrapper.xcdatamodel;
		};
/* End XCVersionGroup section */
	};
	rootObject = 8DD56B181F18787D00268798 /* Project object */;
}
